
Microsoft Visual Studio Solution File, Format Version 12.00
# Visual Studio Version 17
VisualStudioVersion = 17.7.34202.233
MinimumVisualStudioVersion = 10.0.40219.1
Project("{FAE04EC0-301F-11D3-BF4B-00C04F79EFBC}") = "Gherghelas_Theodora_Lab2", "Gherghelas_Theodora_Lab2.csproj", "{92E93007-4A4C-4772-BB29-986D72C33C99}"
EndProject
Global
	GlobalSection(SolutionConfigurationPlatforms) = preSolution
		Debug|Any CPU = Debug|Any CPU
		Release|Any CPU = Release|Any CPU
	EndGlobalSection
	GlobalSection(ProjectConfigurationPlatforms) = postSolution
		{92E93007-4A4C-4772-BB29-986D72C33C99}.Debug|Any CPU.ActiveCfg = Debug|Any CPU
		{92E93007-4A4C-4772-BB29-986D72C33C99}.Debug|Any CPU.Build.0 = Debug|Any CPU
		{92E93007-4A4C-4772-BB29-986D72C33C99}.Release|Any CPU.ActiveCfg = Release|Any CPU
		{92E93007-4A4C-4772-BB29-986D72C33C99}.Release|Any CPU.Build.0 = Release|Any CPU
	EndGlobalSection
	GlobalSection(SolutionProperties) = preSolution
		HideSolutionNode = FALSE
	EndGlobalSection
	GlobalSection(ExtensibilityGlobals) = postSolution
		SolutionGuid = {21A91A37-8C31-4F01-832E-05F32C967D73}
	EndGlobalSection
EndGlobal
